speakeasyVersion: 1.711.0
sources:
    latest:
        sourceNamespace: api-v2025.07.00
        sourceRevisionDigest: sha256:4ded168c4cc99c055ea76237c0b3b28ae0d3c5fcb1d465cb52d8cb11c39f4037
        sourceBlobDigest: sha256:7a3bd33d17e3f9556e4b710d8b555eb2c2fd24a0fe7235e3c62cbd006c20093b
        tags:
            - latest
            - speakeasy-sdk-regen-versions-2025.07-1770864033
targets:
    latest:
        source: latest
        sourceNamespace: api-v2025.07.00
        sourceRevisionDigest: sha256:4ded168c4cc99c055ea76237c0b3b28ae0d3c5fcb1d465cb52d8cb11c39f4037
        sourceBlobDigest: sha256:7a3bd33d17e3f9556e4b710d8b555eb2c2fd24a0fe7235e3c62cbd006c20093b
        codeSamplesNamespace: v2025.07.00-ts-typescript-code-samples
        codeSamplesRevisionDigest: sha256:3f505b29a5674f43e178fd01a3fd1e3870c068905642d1818c09c9da53168c8b
    moov:
        source: latest
        sourceNamespace: api-latest
        sourceRevisionDigest: sha256:d666c9cb0f4f4f84eda6726995ea4e2b524ed4cab4748df3e94f2f7d75f1f057
        sourceBlobDigest: sha256:4e287db9fcb7b46f86a2aa5b74d7f8fefba6829770365bbe3fcbe06a5b35fd57
        codeSamplesNamespace: latest-ts-typescript-code-samples
        codeSamplesRevisionDigest: sha256:ce8578d88acae9ed8fc14a26945108f0d76303614d2a2888419ca595953747ef
workflow:
    workflowVersion: 1.0.0
    speakeasyVersion: latest
    sources:
        latest:
            inputs:
                - location: registry.speakeasyapi.dev/moov/moov/api-v2025.07.00
            registry:
                location: registry.speakeasyapi.dev/moov/moov/typescript-v2025.07.00
    targets:
        latest:
            target: typescript
            source: latest
            publish:
                npm:
                    token: $npm_token
            codeSamples:
                registry:
                    location: registry.speakeasyapi.dev/moov/moov/v2025.07.00-ts-typescript-code-samples
                labelOverride:
                    fixedValue: Typescript (SDK)
                blocking: false
