speakeasyVersion: 1.763.0
sources:
    latest:
        sourceNamespace: api-v2025.04.00
        sourceRevisionDigest: sha256:90a13a34bbe4fa98f32d5473f32ac04249e955ffd39a3bee8e108ca0cd6cea23
        sourceBlobDigest: sha256:695054e0306d0b4b29877a39a60ae2252107dc3648a6fafa38491b9bf7ed05dd
        tags:
            - latest
targets:
    latest:
        source: latest
        sourceNamespace: api-v2025.04.00
        sourceRevisionDigest: sha256:90a13a34bbe4fa98f32d5473f32ac04249e955ffd39a3bee8e108ca0cd6cea23
        sourceBlobDigest: sha256:695054e0306d0b4b29877a39a60ae2252107dc3648a6fafa38491b9bf7ed05dd
        codeSamplesNamespace: v2025.04.00-typescript-code-samples
        codeSamplesRevisionDigest: sha256:10b79f1278a29bc6d7d61a6856a422d99b2115fc5faf07f718e9c03318177af8
    moov:
        source: latest
        sourceNamespace: api-latest
        sourceRevisionDigest: sha256:d666c9cb0f4f4f84eda6726995ea4e2b524ed4cab4748df3e94f2f7d75f1f057
        sourceBlobDigest: sha256:4e287db9fcb7b46f86a2aa5b74d7f8fefba6829770365bbe3fcbe06a5b35fd57
        codeSamplesNamespace: latest-ts-typescript-code-samples
        codeSamplesRevisionDigest: sha256:ce8578d88acae9ed8fc14a26945108f0d76303614d2a2888419ca595953747ef
workflow:
    workflowVersion: 1.0.0
    speakeasyVersion: latest
    sources:
        latest:
            inputs:
                - location: registry.speakeasyapi.dev/moov/moov/api-v2025.04.00
            registry:
                location: registry.speakeasyapi.dev/moov/moov/typescript-v2025.04.00
    targets:
        latest:
            target: typescript
            source: latest
            publish:
                npm:
                    token: $npm_token
            codeSamples:
                registry:
                    location: registry.speakeasyapi.dev/moov/moov/v2025.04.00-typescript-code-samples
                labelOverride:
                    fixedValue: Typescript (SDK)
                blocking: false
