speakeasyVersion: 1.791.0
sources:
    latest:
        sourceNamespace: typescript-v2024.01.00
        sourceRevisionDigest: sha256:aa019e586642a0143c083cefeaba8af98855089ae54f0606bca70872412bf5fd
        sourceBlobDigest: sha256:25ed4f9e0413d78e74c3bc235a9ab4b51b0e2f75226a03302cf42a0b09eadf71
        tags:
            - latest
            - v2024.01.00
targets:
    latest:
        source: latest
        sourceNamespace: typescript-v2024.01.00
        sourceRevisionDigest: sha256:aa019e586642a0143c083cefeaba8af98855089ae54f0606bca70872412bf5fd
        sourceBlobDigest: sha256:25ed4f9e0413d78e74c3bc235a9ab4b51b0e2f75226a03302cf42a0b09eadf71
        codeSamplesNamespace: v2024.01.00-typescript-code-samples
        codeSamplesRevisionDigest: sha256:f905dada448d14fcffa058cce17bd5722f5317fefec076ddd60cbecb43c6542e
    moov:
        source: latest
        sourceNamespace: api-latest
        sourceRevisionDigest: sha256:d666c9cb0f4f4f84eda6726995ea4e2b524ed4cab4748df3e94f2f7d75f1f057
        sourceBlobDigest: sha256:4e287db9fcb7b46f86a2aa5b74d7f8fefba6829770365bbe3fcbe06a5b35fd57
        codeSamplesNamespace: latest-ts-typescript-code-samples
        codeSamplesRevisionDigest: sha256:ce8578d88acae9ed8fc14a26945108f0d76303614d2a2888419ca595953747ef
workflow:
    workflowVersion: 1.0.0
    speakeasyVersion: latest
    sources:
        latest:
            inputs:
                - location: registry.speakeasyapi.dev/moov/moov/api-v2024.01.00
            overlays:
                - location: ./.speakeasy/overlays/access-token.yaml
            registry:
                location: registry.speakeasyapi.dev/moov/moov/typescript-v2024.01.00
    targets:
        latest:
            target: typescript
            source: latest
            publish:
                npm:
                    token: $npm_token
            codeSamples:
                registry:
                    location: registry.speakeasyapi.dev/moov/moov/v2024.01.00-typescript-code-samples
                labelOverride:
                    fixedValue: Typescript (SDK)
                blocking: false
